
Microsoft Visual Studio Solution File, Format Version 12.00
# Visual Studio Version 17
VisualStudioVersion = 17.0.31903.59
MinimumVisualStudioVersion = 10.0.40219.1
Project("{2150E333-8FDC-42A3-9474-1A3956D46DE8}") = "src", "src", "{FC7A8676-4BE2-41C6-A7E9-AF1EA5C81137}"
EndProject
Project("{FAE04EC0-301F-11D3-BF4B-00C04F79EFBC}") = "Webhook.Demo", "src\Webhook.Demo\Webhook.Demo.csproj", "{D4494978-D548-4AD3-B788-CFD78BF99249}"
EndProject
Project("{FAE04EC0-301F-11D3-BF4B-00C04F79EFBC}") = "Webhook.Demo.Sender", "src\Webhook.Demo.Sender\Webhook.Demo.Sender.csproj", "{B5D9D6E5-DDDE-4D1D-B3B5-569D6960C392}"
EndProject
Global
	GlobalSection(SolutionConfigurationPlatforms) = preSolution
		Debug|Any CPU = Debug|Any CPU
		Release|Any CPU = Release|Any CPU
	EndGlobalSection
	GlobalSection(SolutionProperties) = preSolution
		HideSolutionNode = FALSE
	EndGlobalSection
	GlobalSection(ProjectConfigurationPlatforms) = postSolution
		{D4494978-D548-4AD3-B788-CFD78BF99249}.Debug|Any CPU.ActiveCfg = Debug|Any CPU
		{D4494978-D548-4AD3-B788-CFD78BF99249}.Debug|Any CPU.Build.0 = Debug|Any CPU
		{D4494978-D548-4AD3-B788-CFD78BF99249}.Release|Any CPU.ActiveCfg = Release|Any CPU
		{D4494978-D548-4AD3-B788-CFD78BF99249}.Release|Any CPU.Build.0 = Release|Any CPU
		{B5D9D6E5-DDDE-4D1D-B3B5-569D6960C392}.Debug|Any CPU.ActiveCfg = Debug|Any CPU
		{B5D9D6E5-DDDE-4D1D-B3B5-569D6960C392}.Debug|Any CPU.Build.0 = Debug|Any CPU
		{B5D9D6E5-DDDE-4D1D-B3B5-569D6960C392}.Release|Any CPU.ActiveCfg = Release|Any CPU
		{B5D9D6E5-DDDE-4D1D-B3B5-569D6960C392}.Release|Any CPU.Build.0 = Release|Any CPU
	EndGlobalSection
	GlobalSection(NestedProjects) = preSolution
		{D4494978-D548-4AD3-B788-CFD78BF99249} = {FC7A8676-4BE2-41C6-A7E9-AF1EA5C81137}
		{B5D9D6E5-DDDE-4D1D-B3B5-569D6960C392} = {FC7A8676-4BE2-41C6-A7E9-AF1EA5C81137}
	EndGlobalSection
EndGlobal
